{
  "version": 4,
  "terraform_version": "1.4.6",
  "serial": 250,
  "lineage": "01448801-7667-7d90-17d5-6dbe406cbcc4",
  "outputs": {},
  "resources": [
    {
      "mode": "managed",
      "type": "kubernetes_deployment",
      "name": "cassandra",
      "provider": "provider[\"registry.terraform.io/hashicorp/kubernetes\"]",
      "instances": []
    },
    {
      "mode": "managed",
      "type": "kubernetes_deployment",
      "name": "kafkaservice",
      "provider": "provider[\"registry.terraform.io/hashicorp/kubernetes\"]",
      "instances": []
    },
    {
      "mode": "managed",
      "type": "kubernetes_deployment",
      "name": "redditproducer",
      "provider": "provider[\"registry.terraform.io/hashicorp/kubernetes\"]",
      "instances": []
    },
    {
      "mode": "managed",
      "type": "kubernetes_deployment",
      "name": "spark",
      "provider": "provider[\"registry.terraform.io/hashicorp/kubernetes\"]",
      "instances": []
    },
    {
      "mode": "managed",
      "type": "kubernetes_namespace",
      "name": "pipeline-namespace",
      "provider": "provider[\"registry.terraform.io/hashicorp/kubernetes\"]",
      "instances": [
        {
          "schema_version": 0,
          "attributes": {
            "id": "redditpipeline",
            "metadata": [
              {
                "annotations": null,
                "generate_name": "",
                "generation": 0,
                "labels": null,
                "name": "redditpipeline",
                "resource_version": "451",
                "uid": "ec2f33ae-cce2-41e2-baf3-90e44b90073b"
              }
            ],
            "timeouts": null
          },
          "sensitive_attributes": [],
          "private": "eyJlMmJmYjczMC1lY2FhLTExZTYtOGY4OC0zNDM2M2JjN2M0YzAiOnsiZGVsZXRlIjozMDAwMDAwMDAwMDB9fQ=="
        }
      ]
    },
    {
      "mode": "managed",
      "type": "kubernetes_network_policy",
      "name": "pipeline_network",
      "provider": "provider[\"registry.terraform.io/hashicorp/kubernetes\"]",
      "instances": [
        {
          "schema_version": 0,
          "attributes": {
            "id": "redditpipeline/pipeline-network",
            "metadata": [
              {
                "annotations": null,
                "generate_name": "",
                "generation": 1,
                "labels": null,
                "name": "pipeline-network",
                "namespace": "redditpipeline",
                "resource_version": "455",
                "uid": "172f90be-cc7e-4d4c-b336-c5930dcd1ea1"
              }
            ],
            "spec": [
              {
                "egress": [],
                "ingress": [
                  {
                    "from": [
                      {
                        "ip_block": [],
                        "namespace_selector": [],
                        "pod_selector": [
                          {
                            "match_expressions": [],
                            "match_labels": {
                              "k8s.network/pipeline-networ": "true"
                            }
                          }
                        ]
                      }
                    ],
                    "ports": []
                  }
                ],
                "pod_selector": [
                  {
                    "match_expressions": [],
                    "match_labels": {
                      "k8s.network/pipeline-network": "true"
                    }
                  }
                ],
                "policy_types": [
                  "Ingress"
                ]
              }
            ]
          },
          "sensitive_attributes": [],
          "private": "bnVsbA==",
          "dependencies": [
            "kubernetes_namespace.pipeline-namespace"
          ]
        }
      ]
    },
    {
      "mode": "managed",
      "type": "kubernetes_persistent_volume",
      "name": "cassandravolume",
      "provider": "provider[\"registry.terraform.io/hashicorp/kubernetes\"]",
      "instances": [
        {
          "schema_version": 0,
          "attributes": {
            "id": "cassandravolume",
            "metadata": [
              {
                "annotations": null,
                "generation": 0,
                "labels": null,
                "name": "cassandravolume",
                "resource_version": "461",
                "uid": "9029ac04-84d4-4e89-9edd-7c1af9749a99"
              }
            ],
            "spec": [
              {
                "access_modes": [
                  "ReadWriteMany"
                ],
                "capacity": {
                  "storage": "1Gi"
                },
                "claim_ref": [],
                "mount_options": null,
                "node_affinity": [],
                "persistent_volume_reclaim_policy": "Retain",
                "persistent_volume_source": [
                  {
                    "aws_elastic_block_store": [],
                    "azure_disk": [],
                    "azure_file": [],
                    "ceph_fs": [],
                    "cinder": [],
                    "csi": [],
                    "fc": [],
                    "flex_volume": [],
                    "flocker": [],
                    "gce_persistent_disk": [],
                    "glusterfs": [],
                    "host_path": [
                      {
                        "path": "/var/lib/minikube/pv0002/",
                        "type": ""
                      }
                    ],
                    "iscsi": [],
                    "local": [],
                    "nfs": [],
                    "photon_persistent_disk": [],
                    "quobyte": [],
                    "rbd": [],
                    "vsphere_volume": []
                  }
                ],
                "storage_class_name": "hostpath",
                "volume_mode": "Filesystem"
              }
            ],
            "timeouts": null
          },
          "sensitive_attributes": [],
          "private": "eyJlMmJmYjczMC1lY2FhLTExZTYtOGY4OC0zNDM2M2JjN2M0YzAiOnsiY3JlYXRlIjozMDAwMDAwMDAwMDB9fQ==",
          "dependencies": [
            "kubernetes_namespace.pipeline-namespace"
          ]
        }
      ]
    },
    {
      "mode": "managed",
      "type": "kubernetes_persistent_volume",
      "name": "kafkavolume",
      "provider": "provider[\"registry.terraform.io/hashicorp/kubernetes\"]",
      "instances": [
        {
          "schema_version": 0,
          "attributes": {
            "id": "kafkavolume",
            "metadata": [
              {
                "annotations": null,
                "generation": 0,
                "labels": null,
                "name": "kafkavolume",
                "resource_version": "463",
                "uid": "a310ba5c-3d5a-465f-b4bf-acbb6c32a2eb"
              }
            ],
            "spec": [
              {
                "access_modes": [
                  "ReadWriteMany"
                ],
                "capacity": {
                  "storage": "1Gi"
                },
                "claim_ref": [],
                "mount_options": null,
                "node_affinity": [],
                "persistent_volume_reclaim_policy": "Retain",
                "persistent_volume_source": [
                  {
                    "aws_elastic_block_store": [],
                    "azure_disk": [],
                    "azure_file": [],
                    "ceph_fs": [],
                    "cinder": [],
                    "csi": [],
                    "fc": [],
                    "flex_volume": [],
                    "flocker": [],
                    "gce_persistent_disk": [],
                    "glusterfs": [],
                    "host_path": [
                      {
                        "path": "/var/lib/minikube/pv0001",
                        "type": ""
                      }
                    ],
                    "iscsi": [],
                    "local": [],
                    "nfs": [],
                    "photon_persistent_disk": [],
                    "quobyte": [],
                    "rbd": [],
                    "vsphere_volume": []
                  }
                ],
                "storage_class_name": "hostpath",
                "volume_mode": "Filesystem"
              }
            ],
            "timeouts": null
          },
          "sensitive_attributes": [],
          "private": "eyJlMmJmYjczMC1lY2FhLTExZTYtOGY4OC0zNDM2M2JjN2M0YzAiOnsiY3JlYXRlIjozMDAwMDAwMDAwMDB9fQ==",
          "dependencies": [
            "kubernetes_namespace.pipeline-namespace"
          ]
        }
      ]
    },
    {
      "mode": "managed",
      "type": "kubernetes_persistent_volume_claim",
      "name": "cassandravolume",
      "provider": "provider[\"registry.terraform.io/hashicorp/kubernetes\"]",
      "instances": [
        {
          "schema_version": 0,
          "attributes": {
            "id": "redditpipeline/cassandravolume",
            "metadata": [
              {
                "annotations": null,
                "generate_name": "",
                "generation": 0,
                "labels": {
                  "k8s.service": "cassandravolume"
                },
                "name": "cassandravolume",
                "namespace": "redditpipeline",
                "resource_version": "489",
                "uid": "31157fdb-b5b5-4d28-b860-d2c64d44c224"
              }
            ],
            "spec": [
              {
                "access_modes": [
                  "ReadWriteMany"
                ],
                "resources": [
                  {
                    "limits": null,
                    "requests": {
                      "storage": "1Gi"
                    }
                  }
                ],
                "selector": [],
                "storage_class_name": "hostpath",
                "volume_name": "kafkavolume"
              }
            ],
            "timeouts": null,
            "wait_until_bound": true
          },
          "sensitive_attributes": [],
          "private": "eyJlMmJmYjczMC1lY2FhLTExZTYtOGY4OC0zNDM2M2JjN2M0YzAiOnsiY3JlYXRlIjozMDAwMDAwMDAwMDB9fQ==",
          "dependencies": [
            "kubernetes_namespace.pipeline-namespace"
          ]
        }
      ]
    },
    {
      "mode": "managed",
      "type": "kubernetes_persistent_volume_claim",
      "name": "kafkavolume",
      "provider": "provider[\"registry.terraform.io/hashicorp/kubernetes\"]",
      "instances": [
        {
          "schema_version": 0,
          "attributes": {
            "id": "redditpipeline/kafkavolume",
            "metadata": [
              {
                "annotations": null,
                "generate_name": "",
                "generation": 0,
                "labels": {
                  "k8s.service": "kafkavolume"
                },
                "name": "kafkavolume",
                "namespace": "redditpipeline",
                "resource_version": "493",
                "uid": "c5656ee8-e1c4-4364-b1a1-e7de46d5d0e9"
              }
            ],
            "spec": [
              {
                "access_modes": [
                  "ReadWriteMany"
                ],
                "resources": [
                  {
                    "limits": null,
                    "requests": {
                      "storage": "1Gi"
                    }
                  }
                ],
                "selector": [],
                "storage_class_name": "hostpath",
                "volume_name": "cassandravolume"
              }
            ],
            "timeouts": null,
            "wait_until_bound": true
          },
          "sensitive_attributes": [],
          "private": "eyJlMmJmYjczMC1lY2FhLTExZTYtOGY4OC0zNDM2M2JjN2M0YzAiOnsiY3JlYXRlIjozMDAwMDAwMDAwMDB9fQ==",
          "dependencies": [
            "kubernetes_namespace.pipeline-namespace"
          ]
        }
      ]
    },
    {
      "mode": "managed",
      "type": "kubernetes_secret",
      "name": "credentials",
      "provider": "provider[\"registry.terraform.io/hashicorp/kubernetes\"]",
      "instances": [
        {
          "schema_version": 0,
          "attributes": {
            "binary_data": null,
            "data": {
              "credentials.cfg": "[reddit]\nusername=reddit_api_producer\npassword=syk!3PGnVJBkn!c%\nuser_agent=red_scrapper\nclient_id=RR7YAL9xjizmogSx0yR2NQ\nclient_secret=RseTfzmd31tA0bBvihQYhaRmDM3Xmg\n\n[not_required_yet]\ndockerhub=GEbcZfr%ms9D92@f\n\n[cassandra]\nusername=someusername\npassword=somepassword"
            },
            "id": "redditpipeline/credentials",
            "immutable": false,
            "metadata": [
              {
                "annotations": null,
                "generate_name": "",
                "generation": 0,
                "labels": null,
                "name": "credentials",
                "namespace": "redditpipeline",
                "resource_version": "454",
                "uid": "67c1e3eb-5f1b-4781-a651-82e7dd3a59d5"
              }
            ],
            "timeouts": null,
            "type": "Opaque",
            "wait_for_service_account_token": true
          },
          "sensitive_attributes": [],
          "private": "eyJlMmJmYjczMC1lY2FhLTExZTYtOGY4OC0zNDM2M2JjN2M0YzAiOnsiY3JlYXRlIjo2MDAwMDAwMDAwMH19",
          "dependencies": [
            "kubernetes_namespace.pipeline-namespace"
          ]
        }
      ]
    },
    {
      "mode": "managed",
      "type": "kubernetes_service",
      "name": "cassandra",
      "provider": "provider[\"registry.terraform.io/hashicorp/kubernetes\"]",
      "instances": []
    },
    {
      "mode": "managed",
      "type": "kubernetes_service",
      "name": "kafkaservice",
      "provider": "provider[\"registry.terraform.io/hashicorp/kubernetes\"]",
      "instances": []
    },
    {
      "mode": "managed",
      "type": "kubernetes_service",
      "name": "redditproducer",
      "provider": "provider[\"registry.terraform.io/hashicorp/kubernetes\"]",
      "instances": []
    },
    {
      "mode": "managed",
      "type": "kubernetes_service",
      "name": "spark",
      "provider": "provider[\"registry.terraform.io/hashicorp/kubernetes\"]",
      "instances": []
    },
    {
      "mode": "managed",
      "type": "kubernetes_service",
      "name": "zookeeper",
      "provider": "provider[\"registry.terraform.io/hashicorp/kubernetes\"]",
      "instances": []
    }
  ],
  "check_results": null
}
