{
  "version": 4,
  "terraform_version": "1.4.6",
  "serial": 325,
  "lineage": "01448801-7667-7d90-17d5-6dbe406cbcc4",
  "outputs": {},
  "resources": [
    {
      "mode": "managed",
      "type": "kubernetes_deployment",
      "name": "cassandra",
      "provider": "provider[\"registry.terraform.io/hashicorp/kubernetes\"]",
      "instances": [
        {
          "schema_version": 1,
          "attributes": {
            "id": "redditpipeline/cassandra",
            "metadata": [
              {
                "annotations": {},
                "generate_name": "",
                "generation": 1,
                "labels": {
                  "k8s.service": "cassandra"
                },
                "name": "cassandra",
                "namespace": "redditpipeline",
                "resource_version": "654",
                "uid": "1ce3f14a-4bc3-49d9-8040-e6313d65cc41"
              }
            ],
            "spec": [
              {
                "min_ready_seconds": 0,
                "paused": false,
                "progress_deadline_seconds": 600,
                "replicas": "1",
                "revision_history_limit": 10,
                "selector": [
                  {
                    "match_expressions": [],
                    "match_labels": {
                      "k8s.service": "cassandra"
                    }
                  }
                ],
                "strategy": [
                  {
                    "rolling_update": [
                      {
                        "max_surge": "25%",
                        "max_unavailable": "25%"
                      }
                    ],
                    "type": "RollingUpdate"
                  }
                ],
                "template": [
                  {
                    "metadata": [
                      {
                        "annotations": {},
                        "generate_name": "",
                        "generation": 0,
                        "labels": {
                          "k8s.network/pipeline-network": "true",
                          "k8s.service": "cassandra"
                        },
                        "name": "",
                        "namespace": "",
                        "resource_version": "",
                        "uid": ""
                      }
                    ],
                    "spec": [
                      {
                        "active_deadline_seconds": 0,
                        "affinity": [],
                        "automount_service_account_token": true,
                        "container": [
                          {
                            "args": [],
                            "command": [],
                            "env": [
                              {
                                "name": "CASSANDRA_CLUSTER_NAME",
                                "value": "CassandraCluster",
                                "value_from": []
                              },
                              {
                                "name": "CASSANDRA_DATACENTER",
                                "value": "DataCenter1",
                                "value_from": []
                              },
                              {
                                "name": "CASSANDRA_ENDPOINT_SNITCH",
                                "value": "GossipingPropertyFileSnitch",
                                "value_from": []
                              },
                              {
                                "name": "CASSANDRA_HOST",
                                "value": "cassandra",
                                "value_from": []
                              },
                              {
                                "name": "CASSANDRA_NUM_TOKENS",
                                "value": "128",
                                "value_from": []
                              },
                              {
                                "name": "CASSANDRA_RACK",
                                "value": "Rack1",
                                "value_from": []
                              },
                              {
                                "name": "HEAP_NEWSIZE",
                                "value": "128M",
                                "value_from": []
                              },
                              {
                                "name": "MAX_HEAP_SIZE",
                                "value": "256M",
                                "value_from": []
                              },
                              {
                                "name": "POD_IP",
                                "value": "",
                                "value_from": [
                                  {
                                    "config_map_key_ref": [],
                                    "field_ref": [
                                      {
                                        "api_version": "v1",
                                        "field_path": "status.podIP"
                                      }
                                    ],
                                    "resource_field_ref": [],
                                    "secret_key_ref": []
                                  }
                                ]
                              }
                            ],
                            "env_from": [],
                            "image": "nama1arpit/cassandra:latest",
                            "image_pull_policy": "Always",
                            "lifecycle": [],
                            "liveness_probe": [],
                            "name": "cassandra",
                            "port": [
                              {
                                "container_port": 9042,
                                "host_ip": "",
                                "host_port": 0,
                                "name": "",
                                "protocol": "TCP"
                              }
                            ],
                            "readiness_probe": [],
                            "resources": [
                              {
                                "limits": {},
                                "requests": {}
                              }
                            ],
                            "security_context": [],
                            "startup_probe": [],
                            "stdin": false,
                            "stdin_once": false,
                            "termination_message_path": "/dev/termination-log",
                            "termination_message_policy": "File",
                            "tty": false,
                            "volume_mount": [
                              {
                                "mount_path": "/var/lib/cassandra",
                                "mount_propagation": "None",
                                "name": "cassandra-data",
                                "read_only": false,
                                "sub_path": ""
                              }
                            ],
                            "working_dir": ""
                          },
                          {
                            "args": [],
                            "command": [
                              "/bin/sh",
                              "-c",
                              "echo waiting 30 sec for cassandra to start \u0026\u0026 sleep 30 \u0026\u0026 echo loading cassandra keyspace \u0026\u0026 cqlsh cassandra -f /cassandra-setup.cql \u0026\u0026 echo finished setting up cassandra tables \u0026\u0026 tail -f /dev/null"
                            ],
                            "env": [],
                            "env_from": [],
                            "image": "nama1arpit/cassandra:latest",
                            "image_pull_policy": "Always",
                            "lifecycle": [],
                            "liveness_probe": [],
                            "name": "cassandrainit",
                            "port": [],
                            "readiness_probe": [],
                            "resources": [
                              {
                                "limits": {},
                                "requests": {}
                              }
                            ],
                            "security_context": [],
                            "startup_probe": [],
                            "stdin": false,
                            "stdin_once": false,
                            "termination_message_path": "/dev/termination-log",
                            "termination_message_policy": "File",
                            "tty": false,
                            "volume_mount": [],
                            "working_dir": ""
                          }
                        ],
                        "dns_config": [],
                        "dns_policy": "ClusterFirst",
                        "enable_service_links": true,
                        "host_aliases": [],
                        "host_ipc": false,
                        "host_network": false,
                        "host_pid": false,
                        "hostname": "cassandra",
                        "image_pull_secrets": [],
                        "init_container": [],
                        "node_name": "",
                        "node_selector": {},
                        "priority_class_name": "",
                        "readiness_gate": [],
                        "restart_policy": "Always",
                        "runtime_class_name": "",
                        "scheduler_name": "default-scheduler",
                        "security_context": [],
                        "service_account_name": "",
                        "share_process_namespace": false,
                        "subdomain": "",
                        "termination_grace_period_seconds": 30,
                        "toleration": [],
                        "topology_spread_constraint": [],
                        "volume": [
                          {
                            "aws_elastic_block_store": [],
                            "azure_disk": [],
                            "azure_file": [],
                            "ceph_fs": [],
                            "cinder": [],
                            "config_map": [],
                            "csi": [],
                            "downward_api": [],
                            "empty_dir": [],
                            "fc": [],
                            "flex_volume": [],
                            "flocker": [],
                            "gce_persistent_disk": [],
                            "git_repo": [],
                            "glusterfs": [],
                            "host_path": [],
                            "iscsi": [],
                            "local": [],
                            "name": "cassandra-data",
                            "nfs": [],
                            "persistent_volume_claim": [
                              {
                                "claim_name": "cassandravolume",
                                "read_only": false
                              }
                            ],
                            "photon_persistent_disk": [],
                            "projected": [],
                            "quobyte": [],
                            "rbd": [],
                            "secret": [],
                            "vsphere_volume": []
                          }
                        ]
                      }
                    ]
                  }
                ]
              }
            ],
            "timeouts": null,
            "wait_for_rollout": true
          },
          "sensitive_attributes": [],
          "private": "eyJlMmJmYjczMC1lY2FhLTExZTYtOGY4OC0zNDM2M2JjN2M0YzAiOnsiY3JlYXRlIjo2MDAwMDAwMDAwMDAsImRlbGV0ZSI6NjAwMDAwMDAwMDAwLCJ1cGRhdGUiOjYwMDAwMDAwMDAwMH0sInNjaGVtYV92ZXJzaW9uIjoiMSJ9",
          "dependencies": [
            "kubernetes_namespace.pipeline-namespace",
            "kubernetes_persistent_volume.cassandravolume",
            "kubernetes_persistent_volume_claim.cassandravolume"
          ]
        }
      ]
    },
    {
      "mode": "managed",
      "type": "kubernetes_deployment",
      "name": "kafkaservice",
      "provider": "provider[\"registry.terraform.io/hashicorp/kubernetes\"]",
      "instances": [
        {
          "schema_version": 1,
          "attributes": {
            "id": "redditpipeline/kafkaservice",
            "metadata": [
              {
                "annotations": {},
                "generate_name": "",
                "generation": 1,
                "labels": {
                  "k8s.service": "kafka"
                },
                "name": "kafkaservice",
                "namespace": "redditpipeline",
                "resource_version": "739",
                "uid": "f02174a6-ec24-4afe-b092-21ce1265b52d"
              }
            ],
            "spec": [
              {
                "min_ready_seconds": 0,
                "paused": false,
                "progress_deadline_seconds": 600,
                "replicas": "1",
                "revision_history_limit": 10,
                "selector": [
                  {
                    "match_expressions": [],
                    "match_labels": {
                      "k8s.service": "kafka"
                    }
                  }
                ],
                "strategy": [
                  {
                    "rolling_update": [
                      {
                        "max_surge": "25%",
                        "max_unavailable": "25%"
                      }
                    ],
                    "type": "RollingUpdate"
                  }
                ],
                "template": [
                  {
                    "metadata": [
                      {
                        "annotations": {},
                        "generate_name": "",
                        "generation": 0,
                        "labels": {
                          "k8s.network/pipeline-network": "true",
                          "k8s.service": "kafka"
                        },
                        "name": "",
                        "namespace": "",
                        "resource_version": "",
                        "uid": ""
                      }
                    ],
                    "spec": [
                      {
                        "active_deadline_seconds": 0,
                        "affinity": [],
                        "automount_service_account_token": true,
                        "container": [
                          {
                            "args": [],
                            "command": [],
                            "env": [
                              {
                                "name": "KAFKA_ADVERTISED_LISTENERS",
                                "value": "PLAINTEXT://kafkaservice:9092,PLAINTEXT_INTERNAL://kafkaservice.redditpipeline.svc.cluster.local:29092",
                                "value_from": []
                              },
                              {
                                "name": "KAFKA_LISTENER_SECURITY_PROTOCOL_MAP",
                                "value": "PLAINTEXT:PLAINTEXT,PLAINTEXT_INTERNAL:PLAINTEXT",
                                "value_from": []
                              },
                              {
                                "name": "KAFKA_BROKER_ID",
                                "value": "1",
                                "value_from": []
                              },
                              {
                                "name": "KAFKA_OFFSETS_TOPIC_REPLICATION_FACTOR",
                                "value": "1",
                                "value_from": []
                              },
                              {
                                "name": "KAFKA_TRANSACTION_STATE_LOG_MIN_ISR",
                                "value": "1",
                                "value_from": []
                              },
                              {
                                "name": "KAFKA_TRANSACTION_STATE_LOG_REPLICATION_FACTOR",
                                "value": "1",
                                "value_from": []
                              },
                              {
                                "name": "KAFKA_ZOOKEEPER_CONNECT",
                                "value": "zookeeper:2181",
                                "value_from": []
                              }
                            ],
                            "env_from": [],
                            "image": "confluentinc/cp-kafka:7.3.2",
                            "image_pull_policy": "IfNotPresent",
                            "lifecycle": [],
                            "liveness_probe": [],
                            "name": "kafkaservice",
                            "port": [
                              {
                                "container_port": 9092,
                                "host_ip": "",
                                "host_port": 0,
                                "name": "",
                                "protocol": "TCP"
                              },
                              {
                                "container_port": 29092,
                                "host_ip": "",
                                "host_port": 0,
                                "name": "",
                                "protocol": "TCP"
                              }
                            ],
                            "readiness_probe": [],
                            "resources": [
                              {
                                "limits": {},
                                "requests": {}
                              }
                            ],
                            "security_context": [],
                            "startup_probe": [],
                            "stdin": false,
                            "stdin_once": false,
                            "termination_message_path": "/dev/termination-log",
                            "termination_message_policy": "File",
                            "tty": false,
                            "volume_mount": [
                              {
                                "mount_path": "/var/data",
                                "mount_propagation": "None",
                                "name": "kafkavolume",
                                "read_only": false,
                                "sub_path": ""
                              }
                            ],
                            "working_dir": ""
                          },
                          {
                            "args": [
                              "-c",
                              "kafka-topics --bootstrap-server kafkaservice:29092 --list; echo -e 'Creating kafka topics'; kafka-topics --bootstrap-server kafkaservice:29092 --create --if-not-exists --topic redditcomments --replication-factor 1 --partitions 1; echo -e 'Successfully created the following topics:'; kafka-topics --bootstrap-server kafkaservice:29092 --list; tail -f /dev/null;"
                            ],
                            "command": [
                              "/bin/sh"
                            ],
                            "env": [],
                            "env_from": [],
                            "image": "confluentinc/cp-kafka:7.3.2",
                            "image_pull_policy": "IfNotPresent",
                            "lifecycle": [],
                            "liveness_probe": [],
                            "name": "kafkainit",
                            "port": [],
                            "readiness_probe": [],
                            "resources": [
                              {
                                "limits": {},
                                "requests": {}
                              }
                            ],
                            "security_context": [],
                            "startup_probe": [],
                            "stdin": false,
                            "stdin_once": false,
                            "termination_message_path": "/dev/termination-log",
                            "termination_message_policy": "File",
                            "tty": false,
                            "volume_mount": [],
                            "working_dir": ""
                          },
                          {
                            "args": [],
                            "command": [],
                            "env": [
                              {
                                "name": "KAFKA_BROKERCONNECT",
                                "value": "localhost:29092",
                                "value_from": []
                              }
                            ],
                            "env_from": [],
                            "image": "obsidiandynamics/kafdrop:3.30.0",
                            "image_pull_policy": "IfNotPresent",
                            "lifecycle": [],
                            "liveness_probe": [],
                            "name": "kafdrop",
                            "port": [
                              {
                                "container_port": 19000,
                                "host_ip": "",
                                "host_port": 0,
                                "name": "",
                                "protocol": "TCP"
                              }
                            ],
                            "readiness_probe": [],
                            "resources": [
                              {
                                "limits": {},
                                "requests": {}
                              }
                            ],
                            "security_context": [],
                            "startup_probe": [],
                            "stdin": false,
                            "stdin_once": false,
                            "termination_message_path": "/dev/termination-log",
                            "termination_message_policy": "File",
                            "tty": false,
                            "volume_mount": [],
                            "working_dir": ""
                          }
                        ],
                        "dns_config": [],
                        "dns_policy": "ClusterFirst",
                        "enable_service_links": true,
                        "host_aliases": [],
                        "host_ipc": false,
                        "host_network": false,
                        "host_pid": false,
                        "hostname": "kafkaservice",
                        "image_pull_secrets": [],
                        "init_container": [],
                        "node_name": "",
                        "node_selector": {},
                        "priority_class_name": "",
                        "readiness_gate": [],
                        "restart_policy": "Always",
                        "runtime_class_name": "",
                        "scheduler_name": "default-scheduler",
                        "security_context": [],
                        "service_account_name": "",
                        "share_process_namespace": false,
                        "subdomain": "",
                        "termination_grace_period_seconds": 30,
                        "toleration": [],
                        "topology_spread_constraint": [],
                        "volume": [
                          {
                            "aws_elastic_block_store": [],
                            "azure_disk": [],
                            "azure_file": [],
                            "ceph_fs": [],
                            "cinder": [],
                            "config_map": [],
                            "csi": [],
                            "downward_api": [],
                            "empty_dir": [],
                            "fc": [],
                            "flex_volume": [],
                            "flocker": [],
                            "gce_persistent_disk": [],
                            "git_repo": [],
                            "glusterfs": [],
                            "host_path": [],
                            "iscsi": [],
                            "local": [],
                            "name": "kafkavolume",
                            "nfs": [],
                            "persistent_volume_claim": [
                              {
                                "claim_name": "kafkavolume",
                                "read_only": false
                              }
                            ],
                            "photon_persistent_disk": [],
                            "projected": [],
                            "quobyte": [],
                            "rbd": [],
                            "secret": [],
                            "vsphere_volume": []
                          }
                        ]
                      }
                    ]
                  }
                ]
              }
            ],
            "timeouts": null,
            "wait_for_rollout": true
          },
          "sensitive_attributes": [],
          "private": "eyJlMmJmYjczMC1lY2FhLTExZTYtOGY4OC0zNDM2M2JjN2M0YzAiOnsiY3JlYXRlIjo2MDAwMDAwMDAwMDAsImRlbGV0ZSI6NjAwMDAwMDAwMDAwLCJ1cGRhdGUiOjYwMDAwMDAwMDAwMH0sInNjaGVtYV92ZXJzaW9uIjoiMSJ9",
          "dependencies": [
            "kubernetes_deployment.zookeeper",
            "kubernetes_namespace.pipeline-namespace",
            "kubernetes_persistent_volume.kafkavolume",
            "kubernetes_persistent_volume_claim.kafkavolume"
          ]
        }
      ]
    },
    {
      "mode": "managed",
      "type": "kubernetes_deployment",
      "name": "redditproducer",
      "provider": "provider[\"registry.terraform.io/hashicorp/kubernetes\"]",
      "instances": [
        {
          "schema_version": 1,
          "attributes": {
            "id": "redditpipeline/redditproducer",
            "metadata": [
              {
                "annotations": {},
                "generate_name": "",
                "generation": 1,
                "labels": {
                  "k8s.service": "redditproducer"
                },
                "name": "redditproducer",
                "namespace": "redditpipeline",
                "resource_version": "835",
                "uid": "2346a963-9598-47b2-a3eb-1628e7c671f4"
              }
            ],
            "spec": [
              {
                "min_ready_seconds": 0,
                "paused": false,
                "progress_deadline_seconds": 600,
                "replicas": "1",
                "revision_history_limit": 10,
                "selector": [
                  {
                    "match_expressions": [],
                    "match_labels": {
                      "k8s.service": "redditproducer"
                    }
                  }
                ],
                "strategy": [
                  {
                    "rolling_update": [
                      {
                        "max_surge": "25%",
                        "max_unavailable": "25%"
                      }
                    ],
                    "type": "RollingUpdate"
                  }
                ],
                "template": [
                  {
                    "metadata": [
                      {
                        "annotations": {},
                        "generate_name": "",
                        "generation": 0,
                        "labels": {
                          "k8s.network/pipeline-network": "true",
                          "k8s.service": "redditproducer"
                        },
                        "name": "",
                        "namespace": "",
                        "resource_version": "",
                        "uid": ""
                      }
                    ],
                    "spec": [
                      {
                        "active_deadline_seconds": 0,
                        "affinity": [],
                        "automount_service_account_token": true,
                        "container": [
                          {
                            "args": [],
                            "command": [],
                            "env": [],
                            "env_from": [],
                            "image": "nama1arpit/reddit_producer:latest",
                            "image_pull_policy": "Always",
                            "lifecycle": [],
                            "liveness_probe": [],
                            "name": "redditproducer",
                            "port": [],
                            "readiness_probe": [],
                            "resources": [
                              {
                                "limits": {},
                                "requests": {}
                              }
                            ],
                            "security_context": [],
                            "startup_probe": [],
                            "stdin": false,
                            "stdin_once": false,
                            "termination_message_path": "/dev/termination-log",
                            "termination_message_policy": "File",
                            "tty": false,
                            "volume_mount": [
                              {
                                "mount_path": "/app/secrets/",
                                "mount_propagation": "None",
                                "name": "credentials",
                                "read_only": true,
                                "sub_path": ""
                              }
                            ],
                            "working_dir": ""
                          }
                        ],
                        "dns_config": [],
                        "dns_policy": "ClusterFirst",
                        "enable_service_links": true,
                        "host_aliases": [],
                        "host_ipc": false,
                        "host_network": false,
                        "host_pid": false,
                        "hostname": "",
                        "image_pull_secrets": [],
                        "init_container": [],
                        "node_name": "",
                        "node_selector": {},
                        "priority_class_name": "",
                        "readiness_gate": [],
                        "restart_policy": "Always",
                        "runtime_class_name": "",
                        "scheduler_name": "default-scheduler",
                        "security_context": [],
                        "service_account_name": "",
                        "share_process_namespace": false,
                        "subdomain": "",
                        "termination_grace_period_seconds": 30,
                        "toleration": [],
                        "topology_spread_constraint": [],
                        "volume": [
                          {
                            "aws_elastic_block_store": [],
                            "azure_disk": [],
                            "azure_file": [],
                            "ceph_fs": [],
                            "cinder": [],
                            "config_map": [],
                            "csi": [],
                            "downward_api": [],
                            "empty_dir": [],
                            "fc": [],
                            "flex_volume": [],
                            "flocker": [],
                            "gce_persistent_disk": [],
                            "git_repo": [],
                            "glusterfs": [],
                            "host_path": [],
                            "iscsi": [],
                            "local": [],
                            "name": "credentials",
                            "nfs": [],
                            "persistent_volume_claim": [],
                            "photon_persistent_disk": [],
                            "projected": [],
                            "quobyte": [],
                            "rbd": [],
                            "secret": [
                              {
                                "default_mode": "0644",
                                "items": [],
                                "optional": false,
                                "secret_name": "credentials"
                              }
                            ],
                            "vsphere_volume": []
                          }
                        ]
                      }
                    ]
                  }
                ]
              }
            ],
            "timeouts": null,
            "wait_for_rollout": true
          },
          "sensitive_attributes": [],
          "private": "eyJlMmJmYjczMC1lY2FhLTExZTYtOGY4OC0zNDM2M2JjN2M0YzAiOnsiY3JlYXRlIjo2MDAwMDAwMDAwMDAsImRlbGV0ZSI6NjAwMDAwMDAwMDAwLCJ1cGRhdGUiOjYwMDAwMDAwMDAwMH0sInNjaGVtYV92ZXJzaW9uIjoiMSJ9",
          "dependencies": [
            "kubernetes_deployment.cassandra",
            "kubernetes_deployment.kafkaservice",
            "kubernetes_deployment.zookeeper",
            "kubernetes_namespace.pipeline-namespace",
            "kubernetes_persistent_volume.cassandravolume",
            "kubernetes_persistent_volume.kafkavolume",
            "kubernetes_persistent_volume_claim.cassandravolume",
            "kubernetes_persistent_volume_claim.kafkavolume",
            "kubernetes_secret.credentials"
          ]
        }
      ]
    },
    {
      "mode": "managed",
      "type": "kubernetes_deployment",
      "name": "spark",
      "provider": "provider[\"registry.terraform.io/hashicorp/kubernetes\"]",
      "instances": [
        {
          "schema_version": 1,
          "attributes": {
            "id": "redditpipeline/spark",
            "metadata": [
              {
                "annotations": {},
                "generate_name": "",
                "generation": 1,
                "labels": {
                  "k8s.service": "spark"
                },
                "name": "spark",
                "namespace": "redditpipeline",
                "resource_version": "966",
                "uid": "9a55ac4a-f793-4056-87d3-3608d50c66c5"
              }
            ],
            "spec": [
              {
                "min_ready_seconds": 0,
                "paused": false,
                "progress_deadline_seconds": 600,
                "replicas": "1",
                "revision_history_limit": 10,
                "selector": [
                  {
                    "match_expressions": [],
                    "match_labels": {
                      "k8s.service": "spark"
                    }
                  }
                ],
                "strategy": [
                  {
                    "rolling_update": [
                      {
                        "max_surge": "25%",
                        "max_unavailable": "25%"
                      }
                    ],
                    "type": "RollingUpdate"
                  }
                ],
                "template": [
                  {
                    "metadata": [
                      {
                        "annotations": {},
                        "generate_name": "",
                        "generation": 0,
                        "labels": {
                          "k8s.network/pipeline-network": "true",
                          "k8s.service": "spark"
                        },
                        "name": "",
                        "namespace": "",
                        "resource_version": "",
                        "uid": ""
                      }
                    ],
                    "spec": [
                      {
                        "active_deadline_seconds": 0,
                        "affinity": [],
                        "automount_service_account_token": true,
                        "container": [
                          {
                            "args": [],
                            "command": [],
                            "env": [
                              {
                                "name": "KAFKA_BROKERS",
                                "value": "kafkaservice.redditpipeline.svc.cluster.local:9092",
                                "value_from": []
                              },
                              {
                                "name": "KAFKA_TOPIC",
                                "value": "redditcomments",
                                "value_from": []
                              }
                            ],
                            "env_from": [],
                            "image": "nama1arpit/spark_stream_processor:latest",
                            "image_pull_policy": "Always",
                            "lifecycle": [],
                            "liveness_probe": [],
                            "name": "spark",
                            "port": [],
                            "readiness_probe": [],
                            "resources": [
                              {
                                "limits": {},
                                "requests": {}
                              }
                            ],
                            "security_context": [],
                            "startup_probe": [],
                            "stdin": false,
                            "stdin_once": false,
                            "termination_message_path": "/dev/termination-log",
                            "termination_message_policy": "File",
                            "tty": false,
                            "volume_mount": [],
                            "working_dir": ""
                          }
                        ],
                        "dns_config": [],
                        "dns_policy": "ClusterFirst",
                        "enable_service_links": true,
                        "host_aliases": [],
                        "host_ipc": false,
                        "host_network": false,
                        "host_pid": false,
                        "hostname": "",
                        "image_pull_secrets": [],
                        "init_container": [],
                        "node_name": "",
                        "node_selector": {},
                        "priority_class_name": "",
                        "readiness_gate": [],
                        "restart_policy": "Always",
                        "runtime_class_name": "",
                        "scheduler_name": "default-scheduler",
                        "security_context": [],
                        "service_account_name": "",
                        "share_process_namespace": false,
                        "subdomain": "",
                        "termination_grace_period_seconds": 30,
                        "toleration": [],
                        "topology_spread_constraint": [],
                        "volume": []
                      }
                    ]
                  }
                ]
              }
            ],
            "timeouts": null,
            "wait_for_rollout": true
          },
          "sensitive_attributes": [],
          "private": "eyJlMmJmYjczMC1lY2FhLTExZTYtOGY4OC0zNDM2M2JjN2M0YzAiOnsiY3JlYXRlIjo2MDAwMDAwMDAwMDAsImRlbGV0ZSI6NjAwMDAwMDAwMDAwLCJ1cGRhdGUiOjYwMDAwMDAwMDAwMH0sInNjaGVtYV92ZXJzaW9uIjoiMSJ9",
          "dependencies": [
            "kubernetes_deployment.cassandra",
            "kubernetes_deployment.kafkaservice",
            "kubernetes_deployment.redditproducer",
            "kubernetes_deployment.zookeeper",
            "kubernetes_namespace.pipeline-namespace",
            "kubernetes_persistent_volume.cassandravolume",
            "kubernetes_persistent_volume.kafkavolume",
            "kubernetes_persistent_volume_claim.cassandravolume",
            "kubernetes_persistent_volume_claim.kafkavolume",
            "kubernetes_secret.credentials",
            "kubernetes_service.cassandra",
            "kubernetes_service.redditproducer"
          ]
        }
      ]
    },
    {
      "mode": "managed",
      "type": "kubernetes_deployment",
      "name": "zookeeper",
      "provider": "provider[\"registry.terraform.io/hashicorp/kubernetes\"]",
      "instances": [
        {
          "schema_version": 1,
          "attributes": {
            "id": "redditpipeline/zookeeper",
            "metadata": [
              {
                "annotations": {},
                "generate_name": "",
                "generation": 1,
                "labels": {
                  "k8s.service": "zookeeper"
                },
                "name": "zookeeper",
                "namespace": "redditpipeline",
                "resource_version": "560",
                "uid": "40d5b674-956b-42cb-85cd-69bd0038e3c4"
              }
            ],
            "spec": [
              {
                "min_ready_seconds": 0,
                "paused": false,
                "progress_deadline_seconds": 600,
                "replicas": "1",
                "revision_history_limit": 10,
                "selector": [
                  {
                    "match_expressions": [],
                    "match_labels": {
                      "k8s.service": "zookeeper"
                    }
                  }
                ],
                "strategy": [
                  {
                    "rolling_update": [
                      {
                        "max_surge": "25%",
                        "max_unavailable": "25%"
                      }
                    ],
                    "type": "RollingUpdate"
                  }
                ],
                "template": [
                  {
                    "metadata": [
                      {
                        "annotations": {},
                        "generate_name": "",
                        "generation": 0,
                        "labels": {
                          "k8s.network/pipeline-network": "true",
                          "k8s.service": "zookeeper"
                        },
                        "name": "",
                        "namespace": "",
                        "resource_version": "",
                        "uid": ""
                      }
                    ],
                    "spec": [
                      {
                        "active_deadline_seconds": 0,
                        "affinity": [],
                        "automount_service_account_token": true,
                        "container": [
                          {
                            "args": [],
                            "command": [],
                            "env": [
                              {
                                "name": "ZOOKEEPER_CLIENT_PORT",
                                "value": "2181",
                                "value_from": []
                              },
                              {
                                "name": "ZOOKEEPER_TICK_TIME",
                                "value": "2000",
                                "value_from": []
                              }
                            ],
                            "env_from": [],
                            "image": "confluentinc/cp-zookeeper:7.3.2",
                            "image_pull_policy": "IfNotPresent",
                            "lifecycle": [],
                            "liveness_probe": [],
                            "name": "zookeeper",
                            "port": [
                              {
                                "container_port": 2181,
                                "host_ip": "",
                                "host_port": 0,
                                "name": "",
                                "protocol": "TCP"
                              }
                            ],
                            "readiness_probe": [],
                            "resources": [
                              {
                                "limits": {},
                                "requests": {}
                              }
                            ],
                            "security_context": [],
                            "startup_probe": [],
                            "stdin": false,
                            "stdin_once": false,
                            "termination_message_path": "/dev/termination-log",
                            "termination_message_policy": "File",
                            "tty": false,
                            "volume_mount": [],
                            "working_dir": ""
                          }
                        ],
                        "dns_config": [],
                        "dns_policy": "ClusterFirst",
                        "enable_service_links": true,
                        "host_aliases": [],
                        "host_ipc": false,
                        "host_network": false,
                        "host_pid": false,
                        "hostname": "",
                        "image_pull_secrets": [],
                        "init_container": [],
                        "node_name": "",
                        "node_selector": {},
                        "priority_class_name": "",
                        "readiness_gate": [],
                        "restart_policy": "Always",
                        "runtime_class_name": "",
                        "scheduler_name": "default-scheduler",
                        "security_context": [],
                        "service_account_name": "",
                        "share_process_namespace": false,
                        "subdomain": "",
                        "termination_grace_period_seconds": 30,
                        "toleration": [],
                        "topology_spread_constraint": [],
                        "volume": []
                      }
                    ]
                  }
                ]
              }
            ],
            "timeouts": null,
            "wait_for_rollout": true
          },
          "sensitive_attributes": [],
          "private": "eyJlMmJmYjczMC1lY2FhLTExZTYtOGY4OC0zNDM2M2JjN2M0YzAiOnsiY3JlYXRlIjo2MDAwMDAwMDAwMDAsImRlbGV0ZSI6NjAwMDAwMDAwMDAwLCJ1cGRhdGUiOjYwMDAwMDAwMDAwMH0sInNjaGVtYV92ZXJzaW9uIjoiMSJ9",
          "dependencies": [
            "kubernetes_namespace.pipeline-namespace"
          ]
        }
      ]
    },
    {
      "mode": "managed",
      "type": "kubernetes_namespace",
      "name": "pipeline-namespace",
      "provider": "provider[\"registry.terraform.io/hashicorp/kubernetes\"]",
      "instances": [
        {
          "schema_version": 0,
          "attributes": {
            "id": "redditpipeline",
            "metadata": [
              {
                "annotations": {},
                "generate_name": "",
                "generation": 0,
                "labels": {},
                "name": "redditpipeline",
                "resource_version": "417",
                "uid": "d4f3d2db-82f0-4c5a-82ca-0c88f004ffa7"
              }
            ],
            "timeouts": null
          },
          "sensitive_attributes": [],
          "private": "eyJlMmJmYjczMC1lY2FhLTExZTYtOGY4OC0zNDM2M2JjN2M0YzAiOnsiZGVsZXRlIjozMDAwMDAwMDAwMDB9fQ=="
        }
      ]
    },
    {
      "mode": "managed",
      "type": "kubernetes_network_policy",
      "name": "pipeline_network",
      "provider": "provider[\"registry.terraform.io/hashicorp/kubernetes\"]",
      "instances": [
        {
          "schema_version": 0,
          "attributes": {
            "id": "redditpipeline/pipeline-network",
            "metadata": [
              {
                "annotations": {},
                "generate_name": "",
                "generation": 1,
                "labels": {},
                "name": "pipeline-network",
                "namespace": "redditpipeline",
                "resource_version": "421",
                "uid": "49fddc3e-52d7-49a7-84d8-fd669e8a1dd8"
              }
            ],
            "spec": [
              {
                "egress": [],
                "ingress": [
                  {
                    "from": [
                      {
                        "ip_block": [],
                        "namespace_selector": [],
                        "pod_selector": [
                          {
                            "match_expressions": [],
                            "match_labels": {
                              "k8s.network/pipeline-networ": "true"
                            }
                          }
                        ]
                      }
                    ],
                    "ports": []
                  }
                ],
                "pod_selector": [
                  {
                    "match_expressions": [],
                    "match_labels": {
                      "k8s.network/pipeline-network": "true"
                    }
                  }
                ],
                "policy_types": [
                  "Ingress"
                ]
              }
            ]
          },
          "sensitive_attributes": [],
          "private": "bnVsbA==",
          "dependencies": [
            "kubernetes_namespace.pipeline-namespace"
          ]
        }
      ]
    },
    {
      "mode": "managed",
      "type": "kubernetes_persistent_volume",
      "name": "cassandravolume",
      "provider": "provider[\"registry.terraform.io/hashicorp/kubernetes\"]",
      "instances": [
        {
          "schema_version": 0,
          "attributes": {
            "id": "cassandravolume",
            "metadata": [
              {
                "annotations": {},
                "generation": 0,
                "labels": {},
                "name": "cassandravolume",
                "resource_version": "451",
                "uid": "f5084b51-c39a-4280-aced-47053663f7bb"
              }
            ],
            "spec": [
              {
                "access_modes": [
                  "ReadWriteMany"
                ],
                "capacity": {
                  "storage": "1Gi"
                },
                "claim_ref": [
                  {
                    "name": "kafkavolume",
                    "namespace": "redditpipeline"
                  }
                ],
                "mount_options": [],
                "node_affinity": [],
                "persistent_volume_reclaim_policy": "Retain",
                "persistent_volume_source": [
                  {
                    "aws_elastic_block_store": [],
                    "azure_disk": [],
                    "azure_file": [],
                    "ceph_fs": [],
                    "cinder": [],
                    "csi": [],
                    "fc": [],
                    "flex_volume": [],
                    "flocker": [],
                    "gce_persistent_disk": [],
                    "glusterfs": [],
                    "host_path": [
                      {
                        "path": "/var/lib/minikube/pv0002/",
                        "type": ""
                      }
                    ],
                    "iscsi": [],
                    "local": [],
                    "nfs": [],
                    "photon_persistent_disk": [],
                    "quobyte": [],
                    "rbd": [],
                    "vsphere_volume": []
                  }
                ],
                "storage_class_name": "hostpath",
                "volume_mode": "Filesystem"
              }
            ],
            "timeouts": null
          },
          "sensitive_attributes": [],
          "private": "eyJlMmJmYjczMC1lY2FhLTExZTYtOGY4OC0zNDM2M2JjN2M0YzAiOnsiY3JlYXRlIjozMDAwMDAwMDAwMDB9fQ==",
          "dependencies": [
            "kubernetes_namespace.pipeline-namespace"
          ]
        }
      ]
    },
    {
      "mode": "managed",
      "type": "kubernetes_persistent_volume",
      "name": "kafkavolume",
      "provider": "provider[\"registry.terraform.io/hashicorp/kubernetes\"]",
      "instances": [
        {
          "schema_version": 0,
          "attributes": {
            "id": "kafkavolume",
            "metadata": [
              {
                "annotations": {},
                "generation": 0,
                "labels": {},
                "name": "kafkavolume",
                "resource_version": "447",
                "uid": "4dcf7aef-d10a-4fb4-9708-06977f538cf7"
              }
            ],
            "spec": [
              {
                "access_modes": [
                  "ReadWriteMany"
                ],
                "capacity": {
                  "storage": "1Gi"
                },
                "claim_ref": [
                  {
                    "name": "cassandravolume",
                    "namespace": "redditpipeline"
                  }
                ],
                "mount_options": [],
                "node_affinity": [],
                "persistent_volume_reclaim_policy": "Retain",
                "persistent_volume_source": [
                  {
                    "aws_elastic_block_store": [],
                    "azure_disk": [],
                    "azure_file": [],
                    "ceph_fs": [],
                    "cinder": [],
                    "csi": [],
                    "fc": [],
                    "flex_volume": [],
                    "flocker": [],
                    "gce_persistent_disk": [],
                    "glusterfs": [],
                    "host_path": [
                      {
                        "path": "/var/lib/minikube/pv0001",
                        "type": ""
                      }
                    ],
                    "iscsi": [],
                    "local": [],
                    "nfs": [],
                    "photon_persistent_disk": [],
                    "quobyte": [],
                    "rbd": [],
                    "vsphere_volume": []
                  }
                ],
                "storage_class_name": "hostpath",
                "volume_mode": "Filesystem"
              }
            ],
            "timeouts": null
          },
          "sensitive_attributes": [],
          "private": "eyJlMmJmYjczMC1lY2FhLTExZTYtOGY4OC0zNDM2M2JjN2M0YzAiOnsiY3JlYXRlIjozMDAwMDAwMDAwMDB9fQ==",
          "dependencies": [
            "kubernetes_namespace.pipeline-namespace"
          ]
        }
      ]
    },
    {
      "mode": "managed",
      "type": "kubernetes_persistent_volume_claim",
      "name": "cassandravolume",
      "provider": "provider[\"registry.terraform.io/hashicorp/kubernetes\"]",
      "instances": [
        {
          "schema_version": 0,
          "attributes": {
            "id": "redditpipeline/cassandravolume",
            "metadata": [
              {
                "annotations": {},
                "generate_name": "",
                "generation": 0,
                "labels": {
                  "k8s.service": "cassandravolume"
                },
                "name": "cassandravolume",
                "namespace": "redditpipeline",
                "resource_version": "449",
                "uid": "16b4ef2f-dc70-42b1-8f2a-648c51b7ddd9"
              }
            ],
            "spec": [
              {
                "access_modes": [
                  "ReadWriteMany"
                ],
                "resources": [
                  {
                    "limits": {},
                    "requests": {
                      "storage": "1Gi"
                    }
                  }
                ],
                "selector": [],
                "storage_class_name": "hostpath",
                "volume_name": "kafkavolume"
              }
            ],
            "timeouts": null,
            "wait_until_bound": true
          },
          "sensitive_attributes": [],
          "private": "eyJlMmJmYjczMC1lY2FhLTExZTYtOGY4OC0zNDM2M2JjN2M0YzAiOnsiY3JlYXRlIjozMDAwMDAwMDAwMDB9fQ==",
          "dependencies": [
            "kubernetes_namespace.pipeline-namespace"
          ]
        }
      ]
    },
    {
      "mode": "managed",
      "type": "kubernetes_persistent_volume_claim",
      "name": "kafkavolume",
      "provider": "provider[\"registry.terraform.io/hashicorp/kubernetes\"]",
      "instances": [
        {
          "schema_version": 0,
          "attributes": {
            "id": "redditpipeline/kafkavolume",
            "metadata": [
              {
                "annotations": {},
                "generate_name": "",
                "generation": 0,
                "labels": {
                  "k8s.service": "kafkavolume"
                },
                "name": "kafkavolume",
                "namespace": "redditpipeline",
                "resource_version": "453",
                "uid": "8f6702fc-abd7-4f60-86e5-60d3db96aa85"
              }
            ],
            "spec": [
              {
                "access_modes": [
                  "ReadWriteMany"
                ],
                "resources": [
                  {
                    "limits": {},
                    "requests": {
                      "storage": "1Gi"
                    }
                  }
                ],
                "selector": [],
                "storage_class_name": "hostpath",
                "volume_name": "cassandravolume"
              }
            ],
            "timeouts": null,
            "wait_until_bound": true
          },
          "sensitive_attributes": [],
          "private": "eyJlMmJmYjczMC1lY2FhLTExZTYtOGY4OC0zNDM2M2JjN2M0YzAiOnsiY3JlYXRlIjozMDAwMDAwMDAwMDB9fQ==",
          "dependencies": [
            "kubernetes_namespace.pipeline-namespace"
          ]
        }
      ]
    },
    {
      "mode": "managed",
      "type": "kubernetes_secret",
      "name": "credentials",
      "provider": "provider[\"registry.terraform.io/hashicorp/kubernetes\"]",
      "instances": [
        {
          "schema_version": 0,
          "attributes": {
            "binary_data": null,
            "data": {
              "credentials.cfg": "[reddit]\nusername=reddit_api_producer\npassword=syk!3PGnVJBkn!c%\nuser_agent=red_scrapper\nclient_id=RR7YAL9xjizmogSx0yR2NQ\nclient_secret=RseTfzmd31tA0bBvihQYhaRmDM3Xmg\n\n[not_required_yet]\ndockerhub=GEbcZfr%ms9D92@f\n\n[cassandra]\nusername=someusername\npassword=somepassword"
            },
            "id": "redditpipeline/credentials",
            "immutable": false,
            "metadata": [
              {
                "annotations": {},
                "generate_name": "",
                "generation": 0,
                "labels": {},
                "name": "credentials",
                "namespace": "redditpipeline",
                "resource_version": "420",
                "uid": "34a2bacb-49c4-44b2-933f-1f5e9b337b92"
              }
            ],
            "timeouts": null,
            "type": "Opaque",
            "wait_for_service_account_token": true
          },
          "sensitive_attributes": [],
          "private": "eyJlMmJmYjczMC1lY2FhLTExZTYtOGY4OC0zNDM2M2JjN2M0YzAiOnsiY3JlYXRlIjo2MDAwMDAwMDAwMH19",
          "dependencies": [
            "kubernetes_namespace.pipeline-namespace"
          ]
        }
      ]
    },
    {
      "mode": "managed",
      "type": "kubernetes_service",
      "name": "cassandra",
      "provider": "provider[\"registry.terraform.io/hashicorp/kubernetes\"]",
      "instances": [
        {
          "schema_version": 1,
          "attributes": {
            "id": "redditpipeline/cassandra",
            "metadata": [
              {
                "annotations": {},
                "generate_name": "",
                "generation": 0,
                "labels": {
                  "k8s.service": "cassandra"
                },
                "name": "cassandra",
                "namespace": "redditpipeline",
                "resource_version": "661",
                "uid": "d7159d66-bfaf-49b7-8388-547284d747c3"
              }
            ],
            "spec": [
              {
                "allocate_load_balancer_node_ports": true,
                "cluster_ip": "None",
                "cluster_ips": [
                  "None"
                ],
                "external_ips": [],
                "external_name": "",
                "external_traffic_policy": "",
                "health_check_node_port": 0,
                "internal_traffic_policy": "Cluster",
                "ip_families": [
                  "IPv4"
                ],
                "ip_family_policy": "SingleStack",
                "load_balancer_class": "",
                "load_balancer_ip": "",
                "load_balancer_source_ranges": [],
                "port": [
                  {
                    "app_protocol": "",
                    "name": "9042",
                    "node_port": 0,
                    "port": 9042,
                    "protocol": "TCP",
                    "target_port": "9042"
                  }
                ],
                "publish_not_ready_addresses": false,
                "selector": {
                  "k8s.service": "cassandra"
                },
                "session_affinity": "None",
                "session_affinity_config": [],
                "type": "ClusterIP"
              }
            ],
            "status": [
              {
                "load_balancer": [
                  {
                    "ingress": []
                  }
                ]
              }
            ],
            "timeouts": null,
            "wait_for_load_balancer": true
          },
          "sensitive_attributes": [],
          "private": "eyJlMmJmYjczMC1lY2FhLTExZTYtOGY4OC0zNDM2M2JjN2M0YzAiOnsiY3JlYXRlIjo2MDAwMDAwMDAwMDB9LCJzY2hlbWFfdmVyc2lvbiI6IjEifQ==",
          "dependencies": [
            "kubernetes_deployment.cassandra",
            "kubernetes_namespace.pipeline-namespace",
            "kubernetes_persistent_volume.cassandravolume",
            "kubernetes_persistent_volume_claim.cassandravolume"
          ]
        }
      ]
    },
    {
      "mode": "managed",
      "type": "kubernetes_service",
      "name": "kafkaservice",
      "provider": "provider[\"registry.terraform.io/hashicorp/kubernetes\"]",
      "instances": [
        {
          "schema_version": 1,
          "attributes": {
            "id": "redditpipeline/kafkaservice",
            "metadata": [
              {
                "annotations": {},
                "generate_name": "",
                "generation": 0,
                "labels": {
                  "k8s.service": "kafka"
                },
                "name": "kafkaservice",
                "namespace": "redditpipeline",
                "resource_version": "742",
                "uid": "74c32755-8da0-41ba-b491-fcee7ab47bc4"
              }
            ],
            "spec": [
              {
                "allocate_load_balancer_node_ports": true,
                "cluster_ip": "None",
                "cluster_ips": [
                  "None"
                ],
                "external_ips": [],
                "external_name": "",
                "external_traffic_policy": "",
                "health_check_node_port": 0,
                "internal_traffic_policy": "Cluster",
                "ip_families": [
                  "IPv4"
                ],
                "ip_family_policy": "SingleStack",
                "load_balancer_class": "",
                "load_balancer_ip": "",
                "load_balancer_source_ranges": [],
                "port": [
                  {
                    "app_protocol": "",
                    "name": "9092",
                    "node_port": 0,
                    "port": 9092,
                    "protocol": "TCP",
                    "target_port": "9092"
                  },
                  {
                    "app_protocol": "",
                    "name": "29092",
                    "node_port": 0,
                    "port": 29092,
                    "protocol": "TCP",
                    "target_port": "29092"
                  },
                  {
                    "app_protocol": "",
                    "name": "19000",
                    "node_port": 0,
                    "port": 19000,
                    "protocol": "TCP",
                    "target_port": "19000"
                  }
                ],
                "publish_not_ready_addresses": false,
                "selector": {
                  "k8s.service": "kafka"
                },
                "session_affinity": "None",
                "session_affinity_config": [],
                "type": "ClusterIP"
              }
            ],
            "status": [
              {
                "load_balancer": [
                  {
                    "ingress": []
                  }
                ]
              }
            ],
            "timeouts": null,
            "wait_for_load_balancer": true
          },
          "sensitive_attributes": [],
          "private": "eyJlMmJmYjczMC1lY2FhLTExZTYtOGY4OC0zNDM2M2JjN2M0YzAiOnsiY3JlYXRlIjo2MDAwMDAwMDAwMDB9LCJzY2hlbWFfdmVyc2lvbiI6IjEifQ==",
          "dependencies": [
            "kubernetes_deployment.kafkaservice",
            "kubernetes_deployment.zookeeper",
            "kubernetes_namespace.pipeline-namespace",
            "kubernetes_persistent_volume.kafkavolume",
            "kubernetes_persistent_volume_claim.kafkavolume"
          ]
        }
      ]
    },
    {
      "mode": "managed",
      "type": "kubernetes_service",
      "name": "redditproducer",
      "provider": "provider[\"registry.terraform.io/hashicorp/kubernetes\"]",
      "instances": [
        {
          "schema_version": 1,
          "attributes": {
            "id": "redditpipeline/redditproducer",
            "metadata": [
              {
                "annotations": {},
                "generate_name": "",
                "generation": 0,
                "labels": {
                  "k8s.service": "redditproducer"
                },
                "name": "redditproducer",
                "namespace": "redditpipeline",
                "resource_version": "843",
                "uid": "85300765-2587-4d06-98ed-1ecbbff5e285"
              }
            ],
            "spec": [
              {
                "allocate_load_balancer_node_ports": true,
                "cluster_ip": "None",
                "cluster_ips": [
                  "None"
                ],
                "external_ips": [],
                "external_name": "",
                "external_traffic_policy": "",
                "health_check_node_port": 0,
                "internal_traffic_policy": "Cluster",
                "ip_families": [
                  "IPv4"
                ],
                "ip_family_policy": "SingleStack",
                "load_balancer_class": "",
                "load_balancer_ip": "",
                "load_balancer_source_ranges": [],
                "port": [],
                "publish_not_ready_addresses": false,
                "selector": {
                  "k8s.service": "redditproducer"
                },
                "session_affinity": "None",
                "session_affinity_config": [],
                "type": "ClusterIP"
              }
            ],
            "status": [
              {
                "load_balancer": [
                  {
                    "ingress": []
                  }
                ]
              }
            ],
            "timeouts": null,
            "wait_for_load_balancer": true
          },
          "sensitive_attributes": [],
          "private": "eyJlMmJmYjczMC1lY2FhLTExZTYtOGY4OC0zNDM2M2JjN2M0YzAiOnsiY3JlYXRlIjo2MDAwMDAwMDAwMDB9LCJzY2hlbWFfdmVyc2lvbiI6IjEifQ==",
          "dependencies": [
            "kubernetes_deployment.cassandra",
            "kubernetes_deployment.kafkaservice",
            "kubernetes_deployment.redditproducer",
            "kubernetes_deployment.zookeeper",
            "kubernetes_namespace.pipeline-namespace",
            "kubernetes_persistent_volume.cassandravolume",
            "kubernetes_persistent_volume.kafkavolume",
            "kubernetes_persistent_volume_claim.cassandravolume",
            "kubernetes_persistent_volume_claim.kafkavolume",
            "kubernetes_secret.credentials"
          ]
        }
      ]
    },
    {
      "mode": "managed",
      "type": "kubernetes_service",
      "name": "spark",
      "provider": "provider[\"registry.terraform.io/hashicorp/kubernetes\"]",
      "instances": [
        {
          "schema_version": 1,
          "attributes": {
            "id": "redditpipeline/spark",
            "metadata": [
              {
                "annotations": {},
                "generate_name": "",
                "generation": 0,
                "labels": {
                  "k8s.service": "spark"
                },
                "name": "spark",
                "namespace": "redditpipeline",
                "resource_version": "974",
                "uid": "3455b6a1-2a61-4579-a9f7-55662ef395c3"
              }
            ],
            "spec": [
              {
                "allocate_load_balancer_node_ports": true,
                "cluster_ip": "None",
                "cluster_ips": [
                  "None"
                ],
                "external_ips": [],
                "external_name": "",
                "external_traffic_policy": "",
                "health_check_node_port": 0,
                "internal_traffic_policy": "Cluster",
                "ip_families": [
                  "IPv4"
                ],
                "ip_family_policy": "SingleStack",
                "load_balancer_class": "",
                "load_balancer_ip": "",
                "load_balancer_source_ranges": [],
                "port": [],
                "publish_not_ready_addresses": false,
                "selector": {
                  "k8s.service": "spark"
                },
                "session_affinity": "None",
                "session_affinity_config": [],
                "type": "ClusterIP"
              }
            ],
            "status": [
              {
                "load_balancer": [
                  {
                    "ingress": []
                  }
                ]
              }
            ],
            "timeouts": null,
            "wait_for_load_balancer": true
          },
          "sensitive_attributes": [],
          "private": "eyJlMmJmYjczMC1lY2FhLTExZTYtOGY4OC0zNDM2M2JjN2M0YzAiOnsiY3JlYXRlIjo2MDAwMDAwMDAwMDB9LCJzY2hlbWFfdmVyc2lvbiI6IjEifQ==",
          "dependencies": [
            "kubernetes_deployment.cassandra",
            "kubernetes_deployment.kafkaservice",
            "kubernetes_deployment.redditproducer",
            "kubernetes_deployment.spark",
            "kubernetes_deployment.zookeeper",
            "kubernetes_namespace.pipeline-namespace",
            "kubernetes_persistent_volume.cassandravolume",
            "kubernetes_persistent_volume.kafkavolume",
            "kubernetes_persistent_volume_claim.cassandravolume",
            "kubernetes_persistent_volume_claim.kafkavolume",
            "kubernetes_secret.credentials",
            "kubernetes_service.cassandra",
            "kubernetes_service.redditproducer"
          ]
        }
      ]
    },
    {
      "mode": "managed",
      "type": "kubernetes_service",
      "name": "zookeeper",
      "provider": "provider[\"registry.terraform.io/hashicorp/kubernetes\"]",
      "instances": [
        {
          "schema_version": 1,
          "attributes": {
            "id": "redditpipeline/zookeeper",
            "metadata": [
              {
                "annotations": {},
                "generate_name": "",
                "generation": 0,
                "labels": {
                  "k8s.service": "zookeeper"
                },
                "name": "zookeeper",
                "namespace": "redditpipeline",
                "resource_version": "564",
                "uid": "ae994910-a7ee-4d50-ac9f-434fc5eae213"
              }
            ],
            "spec": [
              {
                "allocate_load_balancer_node_ports": true,
                "cluster_ip": "None",
                "cluster_ips": [
                  "None"
                ],
                "external_ips": [],
                "external_name": "",
                "external_traffic_policy": "",
                "health_check_node_port": 0,
                "internal_traffic_policy": "Cluster",
                "ip_families": [
                  "IPv4"
                ],
                "ip_family_policy": "SingleStack",
                "load_balancer_class": "",
                "load_balancer_ip": "",
                "load_balancer_source_ranges": [],
                "port": [
                  {
                    "app_protocol": "",
                    "name": "2181",
                    "node_port": 0,
                    "port": 2181,
                    "protocol": "TCP",
                    "target_port": "2181"
                  }
                ],
                "publish_not_ready_addresses": false,
                "selector": {
                  "k8s.service": "zookeeper"
                },
                "session_affinity": "None",
                "session_affinity_config": [],
                "type": "ClusterIP"
              }
            ],
            "status": [
              {
                "load_balancer": [
                  {
                    "ingress": []
                  }
                ]
              }
            ],
            "timeouts": null,
            "wait_for_load_balancer": true
          },
          "sensitive_attributes": [],
          "private": "eyJlMmJmYjczMC1lY2FhLTExZTYtOGY4OC0zNDM2M2JjN2M0YzAiOnsiY3JlYXRlIjo2MDAwMDAwMDAwMDB9LCJzY2hlbWFfdmVyc2lvbiI6IjEifQ==",
          "dependencies": [
            "kubernetes_deployment.zookeeper",
            "kubernetes_namespace.pipeline-namespace"
          ]
        }
      ]
    }
  ],
  "check_results": null
}
